{
  "name": "luaweb-demo",
  "version": "1.0.0",
  "lockfileVersion": 1,
  "requires": true,
  "dependencies": {
    "fengari": {
      "version": "0.1.2",
      "resolved": "https://registry.npmjs.org/fengari/-/fengari-0.1.2.tgz",
      "integrity": "sha512-NleQtQymPtbjBPnGOQiXfZfKpP3R7si+Sbkke631PWNnZt86eZSlymRJ0qv/KUTcz0fSsWO1iltZYz5/JV1uYQ==",
      "requires": {
        "readline-sync": "^1.4.9",
        "sprintf-js": "^1.1.1",
        "tmp": "^0.0.33"
      }
    },
    "fengari-interop": {
      "version": "0.1.2",
      "resolved": "https://registry.npmjs.org/fengari-interop/-/fengari-interop-0.1.2.tgz",
      "integrity": "sha512-8iTvaByZVoi+lQJhHH9vC+c/Yaok9CwOqNQZN6JrVpjmWwW4dDkeblBXhnHC+BoI6eF4Cy5NKW3z6ICEjvgywQ=="
    },
    "fengari-web": {
      "version": "0.1.2",
      "resolved": "https://registry.npmjs.org/fengari-web/-/fengari-web-0.1.2.tgz",
      "integrity": "sha512-ODj68PxETA9LzMrvWTsfgZAiO8XGb3aLeJubBGTjrch3usHhzy6nTKrNfmm3CEedGpaBbh5wW1C7g/ZlVOukUg==",
      "requires": {
        "fengari": "^0.1",
        "fengari-interop": "^0.1"
      }
    },
    "os-tmpdir": {
      "version": "1.0.2",
      "resolved": "https://registry.npmjs.org/os-tmpdir/-/os-tmpdir-1.0.2.tgz",
      "integrity": "sha1-u+Z0BseaqFxc/sdm/lc0VV36EnQ="
    },
    "readline-sync": {
      "version": "1.4.9",
      "resolved": "https://registry.npmjs.org/readline-sync/-/readline-sync-1.4.9.tgz",
      "integrity": "sha1-PtqOZfI80qF+YTAbHwADOWr17No="
    },
    "sprintf-js": {
      "version": "1.1.1",
      "resolved": "https://registry.npmjs.org/sprintf-js/-/sprintf-js-1.1.1.tgz",
      "integrity": "sha1-Nr54Mgr+WAH2zqPueLblqrlA6gw="
    },
    "tmp": {
      "version": "0.0.33",
      "resolved": "https://registry.npmjs.org/tmp/-/tmp-0.0.33.tgz",
      "integrity": "sha512-jRCJlojKnZ3addtTOjdIqoRuPEKBvNXcGYqzO6zWZX8KfKEpnGY5jfggJQ3EjKuu8D4bJRr0y+cYJFmYbImXGw==",
      "requires": {
        "os-tmpdir": "~1.0.2"
      }
    },
    "xterm": {
      "version": "3.6.0",
      "resolved": "https://registry.npmjs.org/xterm/-/xterm-3.6.0.tgz",
      "integrity": "sha512-D/7/fm7oGzZksLFQdpn1TD63V+T4Ad3LZR2JfZ1QrPZ1yDjKedIKWAZXgzeHQw8S/5HYD08GdkLnjeLm/e6Yog=="
    }
  }
}
